
Microsoft Visual Studio Solution File, Format Version 12.00
# Visual Studio Version 16
VisualStudioVersion = 16.0.29613.14
MinimumVisualStudioVersion = 10.0.40219.1
Project("{9A19103F-16F7-4668-BE54-9A1E7A4F7556}") = "Kraken.WebUI", "Kraken.WebUI\Kraken.WebUI.csproj", "{3040D3AD-CAF9-4BDF-A8AB-10B58A972E28}"
EndProject
Project("{9A19103F-16F7-4668-BE54-9A1E7A4F7556}") = "Kraken.Calculation", "Kraken.NormalModesCalculation\Kraken.Calculation.csproj", "{1CA12AB2-C65C-475C-851C-B3DB89683E1C}"
EndProject
Project("{9A19103F-16F7-4668-BE54-9A1E7A4F7556}") = "Kraken.Application", "Kraken.Application\Kraken.Application.csproj", "{4AD7E68D-7E7B-44D3-8A82-4DB989E11FD7}"
EndProject
Project("{2150E333-8FDC-42A3-9474-1A3956D46DE8}") = "tests", "tests", "{C21C2880-2997-493A-B2ED-794640E44CEC}"
EndProject
Project("{FAE04EC0-301F-11D3-BF4B-00C04F79EFBC}") = "Kraken.Application.Tests.Unit", "Kraken.Application.Tests.Unit\Kraken.Application.Tests.Unit.csproj", "{7B99CED6-CFE7-469C-9FE4-5FA39C8C43EB}"
EndProject
Project("{FAE04EC0-301F-11D3-BF4B-00C04F79EFBC}") = "Kraken.WebUI.Tests.Unit", "Kraken.WebUI.Tests.Unit\Kraken.WebUI.Tests.Unit.csproj", "{95930663-3D26-4C5C-BBF4-DC1EEE7E1B8F}"
EndProject
Global
	GlobalSection(SolutionConfigurationPlatforms) = preSolution
		Debug|Any CPU = Debug|Any CPU
		Release|Any CPU = Release|Any CPU
	EndGlobalSection
	GlobalSection(ProjectConfigurationPlatforms) = postSolution
		{3040D3AD-CAF9-4BDF-A8AB-10B58A972E28}.Debug|Any CPU.ActiveCfg = Debug|Any CPU
		{3040D3AD-CAF9-4BDF-A8AB-10B58A972E28}.Debug|Any CPU.Build.0 = Debug|Any CPU
		{3040D3AD-CAF9-4BDF-A8AB-10B58A972E28}.Release|Any CPU.ActiveCfg = Release|Any CPU
		{3040D3AD-CAF9-4BDF-A8AB-10B58A972E28}.Release|Any CPU.Build.0 = Release|Any CPU
		{1CA12AB2-C65C-475C-851C-B3DB89683E1C}.Debug|Any CPU.ActiveCfg = Debug|Any CPU
		{1CA12AB2-C65C-475C-851C-B3DB89683E1C}.Debug|Any CPU.Build.0 = Debug|Any CPU
		{1CA12AB2-C65C-475C-851C-B3DB89683E1C}.Release|Any CPU.ActiveCfg = Release|Any CPU
		{1CA12AB2-C65C-475C-851C-B3DB89683E1C}.Release|Any CPU.Build.0 = Release|Any CPU
		{4AD7E68D-7E7B-44D3-8A82-4DB989E11FD7}.Debug|Any CPU.ActiveCfg = Debug|Any CPU
		{4AD7E68D-7E7B-44D3-8A82-4DB989E11FD7}.Debug|Any CPU.Build.0 = Debug|Any CPU
		{4AD7E68D-7E7B-44D3-8A82-4DB989E11FD7}.Release|Any CPU.ActiveCfg = Release|Any CPU
		{4AD7E68D-7E7B-44D3-8A82-4DB989E11FD7}.Release|Any CPU.Build.0 = Release|Any CPU
		{7B99CED6-CFE7-469C-9FE4-5FA39C8C43EB}.Debug|Any CPU.ActiveCfg = Debug|Any CPU
		{7B99CED6-CFE7-469C-9FE4-5FA39C8C43EB}.Debug|Any CPU.Build.0 = Debug|Any CPU
		{7B99CED6-CFE7-469C-9FE4-5FA39C8C43EB}.Release|Any CPU.ActiveCfg = Release|Any CPU
		{7B99CED6-CFE7-469C-9FE4-5FA39C8C43EB}.Release|Any CPU.Build.0 = Release|Any CPU
		{95930663-3D26-4C5C-BBF4-DC1EEE7E1B8F}.Debug|Any CPU.ActiveCfg = Debug|Any CPU
		{95930663-3D26-4C5C-BBF4-DC1EEE7E1B8F}.Debug|Any CPU.Build.0 = Debug|Any CPU
		{95930663-3D26-4C5C-BBF4-DC1EEE7E1B8F}.Release|Any CPU.ActiveCfg = Release|Any CPU
		{95930663-3D26-4C5C-BBF4-DC1EEE7E1B8F}.Release|Any CPU.Build.0 = Release|Any CPU
	EndGlobalSection
	GlobalSection(SolutionProperties) = preSolution
		HideSolutionNode = FALSE
	EndGlobalSection
	GlobalSection(NestedProjects) = preSolution
		{7B99CED6-CFE7-469C-9FE4-5FA39C8C43EB} = {C21C2880-2997-493A-B2ED-794640E44CEC}
		{95930663-3D26-4C5C-BBF4-DC1EEE7E1B8F} = {C21C2880-2997-493A-B2ED-794640E44CEC}
	EndGlobalSection
	GlobalSection(ExtensibilityGlobals) = postSolution
		SolutionGuid = {9AEAD359-BBBF-4EC2-BB3F-185F54EE8FDC}
	EndGlobalSection
EndGlobal
